
Microsoft Visual Studio Solution File, Format Version 12.00
# Visual Studio Version 16
VisualStudioVersion = 16.0.30011.22
MinimumVisualStudioVersion = 10.0.40219.1
Project("{FAE04EC0-301F-11D3-BF4B-00C04F79EFBC}") = "Accademy.Console", "Accademy.Console\Accademy.Console.csproj", "{DA1AFDB9-C332-4A7F-A2F0-C0B377D41F41}"
EndProject
Project("{FAE04EC0-301F-11D3-BF4B-00C04F79EFBC}") = "HumanResources", "HumanResources\HumanResources.csproj", "{EDDDA509-6D8D-4D4A-913F-15C9738F442C}"
EndProject
Project("{FAE04EC0-301F-11D3-BF4B-00C04F79EFBC}") = "Accademy.Geometry", "Accademy.Geometry\Accademy.Geometry.csproj", "{ABDAD410-DF5F-471A-A642-6AF7CE9BF30A}"
EndProject
Project("{FAE04EC0-301F-11D3-BF4B-00C04F79EFBC}") = "Unipi", "Unipi\Unipi.csproj", "{68F94C10-70FC-469C-99B3-35214FD38F77}"
EndProject
Project("{FAE04EC0-301F-11D3-BF4B-00C04F79EFBC}") = "Accademy.GeometryAbstract", "Accademy.GeometryAbstract\Accademy.GeometryAbstract.csproj", "{C3870A1E-CACA-4CBF-97FB-6D9018E41F48}"
EndProject
Project("{FAE04EC0-301F-11D3-BF4B-00C04F79EFBC}") = "Accademy.Helper", "Accademy.Helper\Accademy.Helper.csproj", "{BD55CB96-6391-4061-843B-88109E1C819A}"
EndProject
Project("{FAE04EC0-301F-11D3-BF4B-00C04F79EFBC}") = "Accademy.WinForms", "Accademy.WinForms\Accademy.WinForms.csproj", "{E33FB3B0-2C14-4F77-AAD5-9DC7A73CCD8E}"
EndProject
Project("{FAE04EC0-301F-11D3-BF4B-00C04F79EFBC}") = "Accademy.WinForm.Tris", "Accademy.WinForm.Tris\Accademy.WinForm.Tris.csproj", "{4891F8B0-DCCD-4C78-A2EC-9207D19C5C62}"
EndProject
Project("{FAE04EC0-301F-11D3-BF4B-00C04F79EFBC}") = "Accademy.Bank", "Accademy.Bank\Accademy.Bank.csproj", "{F5F795B6-88B2-47DB-934A-C92BFCB45212}"
EndProject
Project("{FAE04EC0-301F-11D3-BF4B-00C04F79EFBC}") = "Accademy.DataManager", "DataManager\Accademy.DataManager.csproj", "{812C7702-5307-43B8-BA55-85E9AD54FAB2}"
EndProject
Project("{FAE04EC0-301F-11D3-BF4B-00C04F79EFBC}") = "Accademy.Entities", "Accademy.Entities\Accademy.Entities.csproj", "{438FFF1D-A5DD-4ACD-9261-81E4BAD6857A}"
EndProject
Project("{FAE04EC0-301F-11D3-BF4B-00C04F79EFBC}") = "Accademy.Delegate", "Accademy.Delegate\Accademy.Delegate.csproj", "{C57A782C-A164-4D56-A341-89847DCF3CF0}"
EndProject
Project("{FAE04EC0-301F-11D3-BF4B-00C04F79EFBC}") = "Accademy.MailSystem", "Accademy.MailSystem\Accademy.MailSystem.csproj", "{8071A2E8-41D8-46AC-8989-DFB82FE89AE2}"
EndProject
Project("{FAE04EC0-301F-11D3-BF4B-00C04F79EFBC}") = "Accademy.Temperature", "Accademy.Temperature\Accademy.Temperature.csproj", "{066134F0-FADA-4E00-A6FC-A3A1371E6E20}"
EndProject
Project("{FAE04EC0-301F-11D3-BF4B-00C04F79EFBC}") = "Accademy.lambda", "Accademy.lambda\Accademy.lambda.csproj", "{3EF44602-3E18-4CAC-84A5-87B0705F7DBC}"
EndProject
Project("{FAE04EC0-301F-11D3-BF4B-00C04F79EFBC}") = "Accademy.DBTest", "Accademy.DBTest\Accademy.DBTest.csproj", "{F14554A7-30D2-445B-BE01-5A83C07B3450}"
EndProject
Project("{FAE04EC0-301F-11D3-BF4B-00C04F79EFBC}") = "Accademy.Esercitazione", "Accademy.Esercitazione\Accademy.Esercitazione.csproj", "{D9B8FAE8-2948-4988-A640-04E5CBA3A869}"
EndProject
Global
	GlobalSection(SolutionConfigurationPlatforms) = preSolution
		Debug|Any CPU = Debug|Any CPU
		Release|Any CPU = Release|Any CPU
	EndGlobalSection
	GlobalSection(ProjectConfigurationPlatforms) = postSolution
		{DA1AFDB9-C332-4A7F-A2F0-C0B377D41F41}.Debug|Any CPU.ActiveCfg = Debug|Any CPU
		{DA1AFDB9-C332-4A7F-A2F0-C0B377D41F41}.Debug|Any CPU.Build.0 = Debug|Any CPU
		{DA1AFDB9-C332-4A7F-A2F0-C0B377D41F41}.Release|Any CPU.ActiveCfg = Release|Any CPU
		{DA1AFDB9-C332-4A7F-A2F0-C0B377D41F41}.Release|Any CPU.Build.0 = Release|Any CPU
		{EDDDA509-6D8D-4D4A-913F-15C9738F442C}.Debug|Any CPU.ActiveCfg = Debug|Any CPU
		{EDDDA509-6D8D-4D4A-913F-15C9738F442C}.Debug|Any CPU.Build.0 = Debug|Any CPU
		{EDDDA509-6D8D-4D4A-913F-15C9738F442C}.Release|Any CPU.ActiveCfg = Release|Any CPU
		{EDDDA509-6D8D-4D4A-913F-15C9738F442C}.Release|Any CPU.Build.0 = Release|Any CPU
		{ABDAD410-DF5F-471A-A642-6AF7CE9BF30A}.Debug|Any CPU.ActiveCfg = Debug|Any CPU
		{ABDAD410-DF5F-471A-A642-6AF7CE9BF30A}.Debug|Any CPU.Build.0 = Debug|Any CPU
		{ABDAD410-DF5F-471A-A642-6AF7CE9BF30A}.Release|Any CPU.ActiveCfg = Release|Any CPU
		{ABDAD410-DF5F-471A-A642-6AF7CE9BF30A}.Release|Any CPU.Build.0 = Release|Any CPU
		{68F94C10-70FC-469C-99B3-35214FD38F77}.Debug|Any CPU.ActiveCfg = Debug|Any CPU
		{68F94C10-70FC-469C-99B3-35214FD38F77}.Debug|Any CPU.Build.0 = Debug|Any CPU
		{68F94C10-70FC-469C-99B3-35214FD38F77}.Release|Any CPU.ActiveCfg = Release|Any CPU
		{68F94C10-70FC-469C-99B3-35214FD38F77}.Release|Any CPU.Build.0 = Release|Any CPU
		{C3870A1E-CACA-4CBF-97FB-6D9018E41F48}.Debug|Any CPU.ActiveCfg = Debug|Any CPU
		{C3870A1E-CACA-4CBF-97FB-6D9018E41F48}.Debug|Any CPU.Build.0 = Debug|Any CPU
		{C3870A1E-CACA-4CBF-97FB-6D9018E41F48}.Release|Any CPU.ActiveCfg = Release|Any CPU
		{C3870A1E-CACA-4CBF-97FB-6D9018E41F48}.Release|Any CPU.Build.0 = Release|Any CPU
		{BD55CB96-6391-4061-843B-88109E1C819A}.Debug|Any CPU.ActiveCfg = Debug|Any CPU
		{BD55CB96-6391-4061-843B-88109E1C819A}.Debug|Any CPU.Build.0 = Debug|Any CPU
		{BD55CB96-6391-4061-843B-88109E1C819A}.Release|Any CPU.ActiveCfg = Release|Any CPU
		{BD55CB96-6391-4061-843B-88109E1C819A}.Release|Any CPU.Build.0 = Release|Any CPU
		{E33FB3B0-2C14-4F77-AAD5-9DC7A73CCD8E}.Debug|Any CPU.ActiveCfg = Debug|Any CPU
		{E33FB3B0-2C14-4F77-AAD5-9DC7A73CCD8E}.Debug|Any CPU.Build.0 = Debug|Any CPU
		{E33FB3B0-2C14-4F77-AAD5-9DC7A73CCD8E}.Release|Any CPU.ActiveCfg = Release|Any CPU
		{E33FB3B0-2C14-4F77-AAD5-9DC7A73CCD8E}.Release|Any CPU.Build.0 = Release|Any CPU
		{4891F8B0-DCCD-4C78-A2EC-9207D19C5C62}.Debug|Any CPU.ActiveCfg = Debug|Any CPU
		{4891F8B0-DCCD-4C78-A2EC-9207D19C5C62}.Debug|Any CPU.Build.0 = Debug|Any CPU
		{4891F8B0-DCCD-4C78-A2EC-9207D19C5C62}.Release|Any CPU.ActiveCfg = Release|Any CPU
		{4891F8B0-DCCD-4C78-A2EC-9207D19C5C62}.Release|Any CPU.Build.0 = Release|Any CPU
		{F5F795B6-88B2-47DB-934A-C92BFCB45212}.Debug|Any CPU.ActiveCfg = Debug|Any CPU
		{F5F795B6-88B2-47DB-934A-C92BFCB45212}.Debug|Any CPU.Build.0 = Debug|Any CPU
		{F5F795B6-88B2-47DB-934A-C92BFCB45212}.Release|Any CPU.ActiveCfg = Release|Any CPU
		{F5F795B6-88B2-47DB-934A-C92BFCB45212}.Release|Any CPU.Build.0 = Release|Any CPU
		{812C7702-5307-43B8-BA55-85E9AD54FAB2}.Debug|Any CPU.ActiveCfg = Debug|Any CPU
		{812C7702-5307-43B8-BA55-85E9AD54FAB2}.Debug|Any CPU.Build.0 = Debug|Any CPU
		{812C7702-5307-43B8-BA55-85E9AD54FAB2}.Release|Any CPU.ActiveCfg = Release|Any CPU
		{812C7702-5307-43B8-BA55-85E9AD54FAB2}.Release|Any CPU.Build.0 = Release|Any CPU
		{438FFF1D-A5DD-4ACD-9261-81E4BAD6857A}.Debug|Any CPU.ActiveCfg = Debug|Any CPU
		{438FFF1D-A5DD-4ACD-9261-81E4BAD6857A}.Debug|Any CPU.Build.0 = Debug|Any CPU
		{438FFF1D-A5DD-4ACD-9261-81E4BAD6857A}.Release|Any CPU.ActiveCfg = Release|Any CPU
		{438FFF1D-A5DD-4ACD-9261-81E4BAD6857A}.Release|Any CPU.Build.0 = Release|Any CPU
		{C57A782C-A164-4D56-A341-89847DCF3CF0}.Debug|Any CPU.ActiveCfg = Debug|Any CPU
		{C57A782C-A164-4D56-A341-89847DCF3CF0}.Debug|Any CPU.Build.0 = Debug|Any CPU
		{C57A782C-A164-4D56-A341-89847DCF3CF0}.Release|Any CPU.ActiveCfg = Release|Any CPU
		{C57A782C-A164-4D56-A341-89847DCF3CF0}.Release|Any CPU.Build.0 = Release|Any CPU
		{8071A2E8-41D8-46AC-8989-DFB82FE89AE2}.Debug|Any CPU.ActiveCfg = Debug|Any CPU
		{8071A2E8-41D8-46AC-8989-DFB82FE89AE2}.Debug|Any CPU.Build.0 = Debug|Any CPU
		{8071A2E8-41D8-46AC-8989-DFB82FE89AE2}.Release|Any CPU.ActiveCfg = Release|Any CPU
		{8071A2E8-41D8-46AC-8989-DFB82FE89AE2}.Release|Any CPU.Build.0 = Release|Any CPU
		{066134F0-FADA-4E00-A6FC-A3A1371E6E20}.Debug|Any CPU.ActiveCfg = Debug|Any CPU
		{066134F0-FADA-4E00-A6FC-A3A1371E6E20}.Debug|Any CPU.Build.0 = Debug|Any CPU
		{066134F0-FADA-4E00-A6FC-A3A1371E6E20}.Release|Any CPU.ActiveCfg = Release|Any CPU
		{066134F0-FADA-4E00-A6FC-A3A1371E6E20}.Release|Any CPU.Build.0 = Release|Any CPU
		{3EF44602-3E18-4CAC-84A5-87B0705F7DBC}.Debug|Any CPU.ActiveCfg = Debug|Any CPU
		{3EF44602-3E18-4CAC-84A5-87B0705F7DBC}.Debug|Any CPU.Build.0 = Debug|Any CPU
		{3EF44602-3E18-4CAC-84A5-87B0705F7DBC}.Release|Any CPU.ActiveCfg = Release|Any CPU
		{3EF44602-3E18-4CAC-84A5-87B0705F7DBC}.Release|Any CPU.Build.0 = Release|Any CPU
		{F14554A7-30D2-445B-BE01-5A83C07B3450}.Debug|Any CPU.ActiveCfg = Debug|Any CPU
		{F14554A7-30D2-445B-BE01-5A83C07B3450}.Debug|Any CPU.Build.0 = Debug|Any CPU
		{F14554A7-30D2-445B-BE01-5A83C07B3450}.Release|Any CPU.ActiveCfg = Release|Any CPU
		{F14554A7-30D2-445B-BE01-5A83C07B3450}.Release|Any CPU.Build.0 = Release|Any CPU
		{D9B8FAE8-2948-4988-A640-04E5CBA3A869}.Debug|Any CPU.ActiveCfg = Debug|Any CPU
		{D9B8FAE8-2948-4988-A640-04E5CBA3A869}.Debug|Any CPU.Build.0 = Debug|Any CPU
		{D9B8FAE8-2948-4988-A640-04E5CBA3A869}.Release|Any CPU.ActiveCfg = Release|Any CPU
		{D9B8FAE8-2948-4988-A640-04E5CBA3A869}.Release|Any CPU.Build.0 = Release|Any CPU
	EndGlobalSection
	GlobalSection(SolutionProperties) = preSolution
		HideSolutionNode = FALSE
	EndGlobalSection
	GlobalSection(ExtensibilityGlobals) = postSolution
		SolutionGuid = {79CEA8BD-4DE0-4B67-B6BA-E4D01E5E43D3}
	EndGlobalSection
EndGlobal
